{
  "version": 4,
  "terraform_version": "1.14.7",
  "serial": 10,
  "lineage": "36d04b73-f48c-03b7-7da6-1022abaab47d",
  "outputs": {
    "pet_name": {
      "value": "prime-hawk",
      "type": "string"
    }
  },
  "resources": [
    {
      "mode": "managed",
      "type": "local_file",
      "name": "example",
      "provider": "provider[\"registry.terraform.io/hashicorp/local\"]",
      "instances": [
        {
          "schema_version": 0,
          "attributes": {
            "content": "pet     = prime-hawk\nversion = tODj98bD\ntime    = 2026-05-07T13:57:57Z\n",
            "content_base64": null,
            "content_base64sha256": "tZlcbxK7UAoeBNOzPYGtmJyoP/GyupsO/y6R/Be9lYo=",
            "content_base64sha512": "66quib7dDodTzAhoMlwScVZ2nnL0AjaiKji6aahFTK+fTfVhbb7GGi8mrxz8gBvOMDatX4outGYoH/aJ+Cc3ag==",
            "content_md5": "3ee16a176cc79a7aaa5e8d028afb7739",
            "content_sha1": "9466f4436f019ee14c38bb0f8c598eab8b617491",
            "content_sha256": "b5995c6f12bb500a1e04d3b33d81ad989ca83ff1b2ba9b0eff2e91fc17bd958a",
            "content_sha512": "ebaaae89bedd0e8753cc0868325c127156769e72f40236a22a38ba69a8454caf9f4df5616dbec61a2f26af1cfc801bce3036ad5f8a2eb466281ff689f827376a",
            "directory_permission": "0777",
            "file_permission": "0777",
            "filename": "./hello.txt",
            "id": "9466f4436f019ee14c38bb0f8c598eab8b617491",
            "sensitive_content": null,
            "source": null
          },
          "sensitive_attributes": [
            [
              {
                "type": "get_attr",
                "value": "sensitive_content"
              }
            ]
          ],
          "identity_schema_version": 0,
          "dependencies": [
            "random_pet.name",
            "random_string.version"
          ]
        }
      ]
    },
    {
      "mode": "managed",
      "type": "random_pet",
      "name": "name",
      "provider": "provider[\"registry.terraform.io/hashicorp/random\"]",
      "instances": [
        {
          "schema_version": 0,
          "attributes": {
            "id": "prime-hawk",
            "keepers": null,
            "length": 2,
            "prefix": null,
            "separator": "-"
          },
          "sensitive_attributes": [],
          "identity_schema_version": 0
        }
      ]
    },
    {
      "mode": "managed",
      "type": "random_string",
      "name": "version",
      "provider": "provider[\"registry.terraform.io/hashicorp/random\"]",
      "instances": [
        {
          "schema_version": 2,
          "attributes": {
            "id": "tODj98bD",
            "keepers": null,
            "length": 8,
            "lower": true,
            "min_lower": 0,
            "min_numeric": 0,
            "min_special": 0,
            "min_upper": 0,
            "number": true,
            "numeric": true,
            "override_special": null,
            "result": "tODj98bD",
            "special": false,
            "upper": true
          },
          "sensitive_attributes": [],
          "identity_schema_version": 0
        }
      ]
    }
  ],
  "check_results": null
}
