{
  "version": 4,
  "terraform_version": "1.14.7",
  "serial": 16,
  "lineage": "36d04b73-f48c-03b7-7da6-1022abaab47d",
  "outputs": {
    "pet_name": {
      "value": "prime-hawk",
      "type": "string"
    }
  },
  "resources": [
    {
      "mode": "managed",
      "type": "local_file",
      "name": "example",
      "provider": "provider[\"registry.terraform.io/hashicorp/local\"]",
      "instances": [
        {
          "schema_version": 0,
          "attributes": {
            "content": "pet     = prime-hawk\nversion = tODj98bD\ntime    = 2026-05-07T16:50:25Z\n",
            "content_base64": null,
            "content_base64sha256": "eLfAggJ+leWNbnKnV0a+f8Rwz0vrC/nelJzn3Zk5mAY=",
            "content_base64sha512": "8rB86o4DqCCO96wmk47rWS0bEUFJk8hG+7LJIOgqjcRJVOCsRS10YA0+UEADR+ROf/wYiDjTrnz65TWEi+Xg/A==",
            "content_md5": "1ac1acac16fe74bc9a6fc6961d1d683e",
            "content_sha1": "ecc103132e65a27fbc5d7a398a7480c87327b94a",
            "content_sha256": "78b7c082027e95e58d6e72a75746be7fc470cf4beb0bf9de949ce7dd99399806",
            "content_sha512": "f2b07cea8e03a8208ef7ac26938eeb592d1b11414993c846fbb2c920e82a8dc44954e0ac452d74600d3e50400347e44e7ffc188838d3ae7cfae535848be5e0fc",
            "directory_permission": "0777",
            "file_permission": "0777",
            "filename": "./hello.txt",
            "id": "ecc103132e65a27fbc5d7a398a7480c87327b94a",
            "sensitive_content": null,
            "source": null
          },
          "sensitive_attributes": [
            [
              {
                "type": "get_attr",
                "value": "sensitive_content"
              }
            ]
          ],
          "identity_schema_version": 0,
          "dependencies": [
            "random_pet.name",
            "random_string.version"
          ]
        }
      ]
    },
    {
      "mode": "managed",
      "type": "random_pet",
      "name": "name",
      "provider": "provider[\"registry.terraform.io/hashicorp/random\"]",
      "instances": [
        {
          "schema_version": 0,
          "attributes": {
            "id": "prime-hawk",
            "keepers": null,
            "length": 2,
            "prefix": null,
            "separator": "-"
          },
          "sensitive_attributes": [],
          "identity_schema_version": 0
        }
      ]
    },
    {
      "mode": "managed",
      "type": "random_string",
      "name": "version",
      "provider": "provider[\"registry.terraform.io/hashicorp/random\"]",
      "instances": [
        {
          "schema_version": 2,
          "attributes": {
            "id": "tODj98bD",
            "keepers": null,
            "length": 8,
            "lower": true,
            "min_lower": 0,
            "min_numeric": 0,
            "min_special": 0,
            "min_upper": 0,
            "number": true,
            "numeric": true,
            "override_special": null,
            "result": "tODj98bD",
            "special": false,
            "upper": true
          },
          "sensitive_attributes": [],
          "identity_schema_version": 0
        }
      ]
    }
  ],
  "check_results": null
}
