{
  "version": 4,
  "terraform_version": "1.14.7",
  "serial": 19,
  "lineage": "36d04b73-f48c-03b7-7da6-1022abaab47d",
  "outputs": {
    "pet_name": {
      "value": "prime-hawk",
      "type": "string"
    }
  },
  "resources": [
    {
      "mode": "managed",
      "type": "local_file",
      "name": "example",
      "provider": "provider[\"registry.terraform.io/hashicorp/local\"]",
      "instances": [
        {
          "schema_version": 0,
          "attributes": {
            "content": "pet     = prime-hawk\nversion = tODj98bD\ntime    = 2026-05-07T17:26:21Z\n",
            "content_base64": null,
            "content_base64sha256": "hah1GdmmKn6a+GM2Cd7drBYqDiKQL8SRQDZiINoWfgk=",
            "content_base64sha512": "UYjBqLPUHXWaHqFdI1fusepagVW1lCAOM3iWrbyULWIhRKeEUZExCKkWYAcGQdIJzOJIBHITKY2Ar2DcinzIdw==",
            "content_md5": "38cd3c22fc46e5ededdbc3c6a05d5499",
            "content_sha1": "182d290a32f7e127d5ea2bcd444758d419d9d470",
            "content_sha256": "85a87519d9a62a7e9af8633609deddac162a0e22902fc49140366220da167e09",
            "content_sha512": "5188c1a8b3d41d759a1ea15d2357eeb1ea5a8155b594200e337896adbc942d622144a78451913108a91660070641d209cce248047213298d80af60dc8a7cc877",
            "directory_permission": "0777",
            "file_permission": "0777",
            "filename": "./hello.txt",
            "id": "182d290a32f7e127d5ea2bcd444758d419d9d470",
            "sensitive_content": null,
            "source": null
          },
          "sensitive_attributes": [
            [
              {
                "type": "get_attr",
                "value": "sensitive_content"
              }
            ]
          ],
          "identity_schema_version": 0,
          "dependencies": [
            "random_pet.name",
            "random_string.version"
          ]
        }
      ]
    },
    {
      "mode": "managed",
      "type": "random_pet",
      "name": "name",
      "provider": "provider[\"registry.terraform.io/hashicorp/random\"]",
      "instances": [
        {
          "schema_version": 0,
          "attributes": {
            "id": "prime-hawk",
            "keepers": null,
            "length": 2,
            "prefix": null,
            "separator": "-"
          },
          "sensitive_attributes": [],
          "identity_schema_version": 0
        }
      ]
    },
    {
      "mode": "managed",
      "type": "random_string",
      "name": "version",
      "provider": "provider[\"registry.terraform.io/hashicorp/random\"]",
      "instances": [
        {
          "schema_version": 2,
          "attributes": {
            "id": "tODj98bD",
            "keepers": null,
            "length": 8,
            "lower": true,
            "min_lower": 0,
            "min_numeric": 0,
            "min_special": 0,
            "min_upper": 0,
            "number": true,
            "numeric": true,
            "override_special": null,
            "result": "tODj98bD",
            "special": false,
            "upper": true
          },
          "sensitive_attributes": [],
          "identity_schema_version": 0
        }
      ]
    }
  ],
  "check_results": null
}
