{
  "version": 4,
  "terraform_version": "1.14.7",
  "serial": 7,
  "lineage": "36d04b73-f48c-03b7-7da6-1022abaab47d",
  "outputs": {
    "pet_name": {
      "value": "prime-hawk",
      "type": "string"
    }
  },
  "resources": [
    {
      "mode": "managed",
      "type": "local_file",
      "name": "example",
      "provider": "provider[\"registry.terraform.io/hashicorp/local\"]",
      "instances": [
        {
          "schema_version": 0,
          "attributes": {
            "content": "pet     = prime-hawk\nversion = tODj98bD\ntime    = 2026-05-07T09:24:33Z\n",
            "content_base64": null,
            "content_base64sha256": "6/m5G+uVxmF4zVhc5ThQYu5WgiQdJxtguMgWYcflwpU=",
            "content_base64sha512": "KtPMjH6LGRVS9UboIOuB3s8eTNULIrrLgGgJkq0sU41D2KsGS0SacXTD1IdAQV5LMG6B5bnw2HWkMv8L7Q9CRQ==",
            "content_md5": "7e5c3d852c612afdd4a0a0fdc76bcaff",
            "content_sha1": "db38fcdc10326a344dbfb977cea5ea88da8bf870",
            "content_sha256": "ebf9b91beb95c66178cd585ce5385062ee5682241d271b60b8c81661c7e5c295",
            "content_sha512": "2ad3cc8c7e8b191552f546e820eb81decf1e4cd50b22bacb80680992ad2c538d43d8ab064b449a7174c3d48740415e4b306e81e5b9f0d875a432ff0bed0f4245",
            "directory_permission": "0777",
            "file_permission": "0777",
            "filename": "./hello.txt",
            "id": "db38fcdc10326a344dbfb977cea5ea88da8bf870",
            "sensitive_content": null,
            "source": null
          },
          "sensitive_attributes": [
            [
              {
                "type": "get_attr",
                "value": "sensitive_content"
              }
            ]
          ],
          "identity_schema_version": 0,
          "dependencies": [
            "random_pet.name",
            "random_string.version"
          ]
        }
      ]
    },
    {
      "mode": "managed",
      "type": "random_pet",
      "name": "name",
      "provider": "provider[\"registry.terraform.io/hashicorp/random\"]",
      "instances": [
        {
          "schema_version": 0,
          "attributes": {
            "id": "prime-hawk",
            "keepers": null,
            "length": 2,
            "prefix": null,
            "separator": "-"
          },
          "sensitive_attributes": [],
          "identity_schema_version": 0
        }
      ]
    },
    {
      "mode": "managed",
      "type": "random_string",
      "name": "version",
      "provider": "provider[\"registry.terraform.io/hashicorp/random\"]",
      "instances": [
        {
          "schema_version": 2,
          "attributes": {
            "id": "tODj98bD",
            "keepers": null,
            "length": 8,
            "lower": true,
            "min_lower": 0,
            "min_numeric": 0,
            "min_special": 0,
            "min_upper": 0,
            "number": true,
            "numeric": true,
            "override_special": null,
            "result": "tODj98bD",
            "special": false,
            "upper": true
          },
          "sensitive_attributes": [],
          "identity_schema_version": 0
        }
      ]
    }
  ],
  "check_results": null
}
