{
  "version": 4,
  "terraform_version": "1.14.7",
  "serial": 13,
  "lineage": "36d04b73-f48c-03b7-7da6-1022abaab47d",
  "outputs": {
    "pet_name": {
      "value": "prime-hawk",
      "type": "string"
    }
  },
  "resources": [
    {
      "mode": "managed",
      "type": "local_file",
      "name": "example",
      "provider": "provider[\"registry.terraform.io/hashicorp/local\"]",
      "instances": [
        {
          "schema_version": 0,
          "attributes": {
            "content": "pet     = prime-hawk\nversion = tODj98bD\ntime    = 2026-05-07T13:58:58Z\n",
            "content_base64": null,
            "content_base64sha256": "xo184IGipvCZhbYkSEajRd25ZjM9LZn5qMvpJi3tuh0=",
            "content_base64sha512": "JWkRoLfZ1VkkYAinKJzowP6348IajeM2Rg1lQ8F+QI3scYwphBe7h7KzDhRsYmzHGvYPTxM0NxezX33ZQfXrxw==",
            "content_md5": "2cb63239632c81fa237b1c96d2fa8efe",
            "content_sha1": "b867e334e7afff2594a001926d3c426c7807ebc2",
            "content_sha256": "c68d7ce081a2a6f09985b6244846a345ddb966333d2d99f9a8cbe9262dedba1d",
            "content_sha512": "256911a0b7d9d559246008a7289ce8c0feb7e3c21a8de336460d6543c17e408dec718c298417bb87b2b30e146c626cc71af60f4f13343717b35f7dd941f5ebc7",
            "directory_permission": "0777",
            "file_permission": "0777",
            "filename": "./hello.txt",
            "id": "b867e334e7afff2594a001926d3c426c7807ebc2",
            "sensitive_content": null,
            "source": null
          },
          "sensitive_attributes": [
            [
              {
                "type": "get_attr",
                "value": "sensitive_content"
              }
            ]
          ],
          "identity_schema_version": 0,
          "dependencies": [
            "random_pet.name",
            "random_string.version"
          ]
        }
      ]
    },
    {
      "mode": "managed",
      "type": "random_pet",
      "name": "name",
      "provider": "provider[\"registry.terraform.io/hashicorp/random\"]",
      "instances": [
        {
          "schema_version": 0,
          "attributes": {
            "id": "prime-hawk",
            "keepers": null,
            "length": 2,
            "prefix": null,
            "separator": "-"
          },
          "sensitive_attributes": [],
          "identity_schema_version": 0
        }
      ]
    },
    {
      "mode": "managed",
      "type": "random_string",
      "name": "version",
      "provider": "provider[\"registry.terraform.io/hashicorp/random\"]",
      "instances": [
        {
          "schema_version": 2,
          "attributes": {
            "id": "tODj98bD",
            "keepers": null,
            "length": 8,
            "lower": true,
            "min_lower": 0,
            "min_numeric": 0,
            "min_special": 0,
            "min_upper": 0,
            "number": true,
            "numeric": true,
            "override_special": null,
            "result": "tODj98bD",
            "special": false,
            "upper": true
          },
          "sensitive_attributes": [],
          "identity_schema_version": 0
        }
      ]
    }
  ],
  "check_results": null
}
