{
  "version": 4,
  "terraform_version": "1.14.7",
  "serial": 22,
  "lineage": "36d04b73-f48c-03b7-7da6-1022abaab47d",
  "outputs": {
    "pet_name": {
      "value": "prime-hawk",
      "type": "string"
    }
  },
  "resources": [
    {
      "mode": "managed",
      "type": "local_file",
      "name": "example",
      "provider": "provider[\"registry.terraform.io/hashicorp/local\"]",
      "instances": [
        {
          "schema_version": 0,
          "attributes": {
            "content": "pet     = prime-hawk\nversion = tODj98bD\ntime    = 2026-05-07T18:29:14Z\n",
            "content_base64": null,
            "content_base64sha256": "1QHK7Fz1NWFyfRMxXMmN/z7ZP5I5DDb5e8x2xTA0HKQ=",
            "content_base64sha512": "IPZ4xrDIt2hXW0z7X46k0i/RJL0np0OBR/LA6FCReuFvqzIKsCySqs9xAJSXGI9y3GckmGe20h11xsIkucDBHA==",
            "content_md5": "99419f3fa4f129c9515c9a06f3928dab",
            "content_sha1": "23196ff8d3554e0d614e1d44d42ebe0f66e42e14",
            "content_sha256": "d501caec5cf53561727d13315cc98dff3ed93f92390c36f97bcc76c530341ca4",
            "content_sha512": "20f678c6b0c8b768575b4cfb5f8ea4d22fd124bd27a7438147f2c0e850917ae16fab320ab02c92aacf71009497188f72dc67249867b6d21d75c6c224b9c0c11c",
            "directory_permission": "0777",
            "file_permission": "0777",
            "filename": "./hello.txt",
            "id": "23196ff8d3554e0d614e1d44d42ebe0f66e42e14",
            "sensitive_content": null,
            "source": null
          },
          "sensitive_attributes": [
            [
              {
                "type": "get_attr",
                "value": "sensitive_content"
              }
            ]
          ],
          "identity_schema_version": 0,
          "dependencies": [
            "random_pet.name",
            "random_string.version"
          ]
        }
      ]
    },
    {
      "mode": "managed",
      "type": "random_pet",
      "name": "name",
      "provider": "provider[\"registry.terraform.io/hashicorp/random\"]",
      "instances": [
        {
          "schema_version": 0,
          "attributes": {
            "id": "prime-hawk",
            "keepers": null,
            "length": 2,
            "prefix": null,
            "separator": "-"
          },
          "sensitive_attributes": [],
          "identity_schema_version": 0
        }
      ]
    },
    {
      "mode": "managed",
      "type": "random_string",
      "name": "version",
      "provider": "provider[\"registry.terraform.io/hashicorp/random\"]",
      "instances": [
        {
          "schema_version": 2,
          "attributes": {
            "id": "tODj98bD",
            "keepers": null,
            "length": 8,
            "lower": true,
            "min_lower": 0,
            "min_numeric": 0,
            "min_special": 0,
            "min_upper": 0,
            "number": true,
            "numeric": true,
            "override_special": null,
            "result": "tODj98bD",
            "special": false,
            "upper": true
          },
          "sensitive_attributes": [],
          "identity_schema_version": 0
        }
      ]
    }
  ],
  "check_results": null
}
