{
  "version": 4,
  "terraform_version": "1.14.7",
  "serial": 3,
  "lineage": "36d04b73-f48c-03b7-7da6-1022abaab47d",
  "outputs": {
    "pet_name": {
      "value": "prime-hawk",
      "type": "string"
    }
  },
  "resources": [
    {
      "mode": "managed",
      "type": "local_file",
      "name": "example",
      "provider": "provider[\"registry.terraform.io/hashicorp/local\"]",
      "instances": [
        {
          "schema_version": 0,
          "attributes": {
            "content": "tforge demo\npet = prime-hawk\n",
            "content_base64": null,
            "content_base64sha256": "2W5MYAywqQ5X448fx8/Tsr1QhJo9JtAJwmvJuGE8CLA=",
            "content_base64sha512": "ZvAGKIxE2L1zNN7mM3iXpxbSiaoFX2hSvyQfbddR353oyOd2gSh8cg1tHQueKmU3psZcX2kO/HpeyK1UXUKipw==",
            "content_md5": "9c0166ef92f6b468d3a8eebdfd773172",
            "content_sha1": "9013cd080629131381297cfd2cba3dea6877978b",
            "content_sha256": "d96e4c600cb0a90e57e38f1fc7cfd3b2bd50849a3d26d009c26bc9b8613c08b0",
            "content_sha512": "66f006288c44d8bd7334dee6337897a716d289aa055f6852bf241f6dd751df9de8c8e77681287c720d6d1d0b9e2a6537a6c65c5f690efc7a5ec8ad545d42a2a7",
            "directory_permission": "0777",
            "file_permission": "0777",
            "filename": "./generated.txt",
            "id": "9013cd080629131381297cfd2cba3dea6877978b",
            "sensitive_content": null,
            "source": null
          },
          "sensitive_attributes": [
            [
              {
                "type": "get_attr",
                "value": "sensitive_content"
              }
            ]
          ],
          "identity_schema_version": 0,
          "dependencies": [
            "random_pet.name"
          ]
        }
      ]
    },
    {
      "mode": "managed",
      "type": "random_pet",
      "name": "name",
      "provider": "provider[\"registry.terraform.io/hashicorp/random\"]",
      "instances": [
        {
          "schema_version": 0,
          "attributes": {
            "id": "prime-hawk",
            "keepers": null,
            "length": 2,
            "prefix": null,
            "separator": "-"
          },
          "sensitive_attributes": [],
          "identity_schema_version": 0
        }
      ]
    }
  ],
  "check_results": null
}
